<?xml version="1.0" encoding="utf-8"?>
<Project ToolsVersion="4.0" xmlns="http://schemas.microsoft.com/developer/msbuild/2003">
  <ItemGroup>
    <Filter Include="소스 파일">
      <UniqueIdentifier>{4FC737F1-C7A5-4376-A066-2A32D752A2FF}</UniqueIdentifier>
      <Extensions>cpp;c;cc;cxx;c++;cppm;ixx;def;odl;idl;hpj;bat;asm;asmx</Extensions>
    </Filter>
    <Filter Include="헤더 파일">
      <UniqueIdentifier>{93995380-89BD-4b04-88EB-625FBE52EBFB}</UniqueIdentifier>
      <Extensions>h;hh;hpp;hxx;h++;hm;inl;inc;ipp;xsd</Extensions>
    </Filter>
    <Filter Include="리소스 파일">
      <UniqueIdentifier>{67DA6AB6-F800-4c08-8B7A-83BB121AAD01}</UniqueIdentifier>
      <Extensions>rc;ico;cur;bmp;dlg;rc2;rct;bin;rgs;gif;jpg;jpeg;jpe;resx;tiff;tif;png;wav;mfcribbon-ms</Extensions>
    </Filter>
    <Filter Include="소스 파일\File">
      <UniqueIdentifier>{018877ed-12e1-4380-b66e-ea58017561c9}</UniqueIdentifier>
    </Filter>
    <Filter Include="헤더 파일\File">
      <UniqueIdentifier>{b2b8d069-4c23-45a1-bdf3-bb6706b0a5a3}</UniqueIdentifier>
    </Filter>
    <Filter Include="소스 파일\DataStructure">
      <UniqueIdentifier>{dcd24695-8b4c-446e-a1d4-994409ae2e5a}</UniqueIdentifier>
    </Filter>
    <Filter Include="헤더 파일\DataStructure">
      <UniqueIdentifier>{87160d1f-7430-4403-974b-eadf136a33f8}</UniqueIdentifier>
    </Filter>
    <Filter Include="리소스 파일\MenuSceneButton">
      <UniqueIdentifier>{53c295bc-6f4f-42ec-8dfb-97cbcc0ef829}</UniqueIdentifier>
    </Filter>
    <Filter Include="리소스 파일\Dialogue">
      <UniqueIdentifier>{2de83ff2-d391-4ae8-b5f1-847f2b34ca1a}</UniqueIdentifier>
    </Filter>
    <Filter Include="리소스 파일\Cat">
      <UniqueIdentifier>{6bccc471-0f47-410b-8997-7af435636b8f}</UniqueIdentifier>
    </Filter>
    <Filter Include="리소스 파일\Player">
      <UniqueIdentifier>{ce655d18-6584-4f1a-8bde-36b17c9e6c44}</UniqueIdentifier>
    </Filter>
    <Filter Include="리소스 파일\Video">
      <UniqueIdentifier>{2a315538-48c2-4058-b450-910bab38943e}</UniqueIdentifier>
    </Filter>
    <Filter Include="리소스 파일\Video\Aru">
      <UniqueIdentifier>{5e36190b-14a9-481a-8d7d-96b513f32dfa}</UniqueIdentifier>
    </Filter>
    <Filter Include="리소스 파일\Video\Rapi">
      <UniqueIdentifier>{2a62e216-6962-4253-b747-00b86b61e261}</UniqueIdentifier>
    </Filter>
  </ItemGroup>
  <ItemGroup>
    <ClCompile Include="Game.cpp">
      <Filter>소스 파일</Filter>
    </ClCompile>
    <ClCompile Include="MenuScene.cpp">
      <Filter>소스 파일</Filter>
    </ClCompile>
    <ClCompile Include="PlayScene.cpp">
      <Filter>소스 파일</Filter>
    </ClCompile>
    <ClCompile Include="EndScene.cpp">
      <Filter>소스 파일</Filter>
    </ClCompile>
    <ClCompile Include="BaseDefine.h">
      <Filter>헤더 파일</Filter>
    </ClCompile>
    <ClCompile Include="Input.cpp">
      <Filter>소스 파일</Filter>
    </ClCompile>
    <ClCompile Include="ConsoleRenderer.cpp">
      <Filter>소스 파일</Filter>
    </ClCompile>
    <ClCompile Include="FileController.cpp">
      <Filter>소스 파일\File</Filter>
    </ClCompile>
    <ClCompile Include="Time.cpp">
      <Filter>소스 파일</Filter>
    </ClCompile>
    <ClCompile Include="UI.cpp">
      <Filter>소스 파일</Filter>
    </ClCompile>
    <ClCompile Include="Object.cpp">
      <Filter>소스 파일</Filter>
    </ClCompile>
    <ClCompile Include="AnimationScene.cpp">
      <Filter>소스 파일</Filter>
    </ClCompile>
    <ClCompile Include="GameOverScene.cpp">
      <Filter>소스 파일</Filter>
    </ClCompile>
  </ItemGroup>
  <ItemGroup>
    <ClInclude Include="ConsoleRenderer.h">
      <Filter>헤더 파일</Filter>
    </ClInclude>
    <ClInclude Include="Game.h">
      <Filter>헤더 파일</Filter>
    </ClInclude>
    <ClInclude Include="PlayScene.h">
      <Filter>헤더 파일</Filter>
    </ClInclude>
    <ClInclude Include="EndScene.h">
      <Filter>헤더 파일</Filter>
    </ClInclude>
    <ClInclude Include="Input.h">
      <Filter>헤더 파일</Filter>
    </ClInclude>
    <ClInclude Include="FileController.h">
      <Filter>헤더 파일\File</Filter>
    </ClInclude>
    <ClInclude Include="UI.h">
      <Filter>헤더 파일</Filter>
    </ClInclude>
    <ClInclude Include="Object.h">
      <Filter>헤더 파일</Filter>
    </ClInclude>
    <ClInclude Include="AnimationScene.h">
      <Filter>헤더 파일</Filter>
    </ClInclude>
    <ClInclude Include="GameOverScene.h">
      <Filter>헤더 파일</Filter>
    </ClInclude>
    <ClInclude Include="MenuScene.h">
      <Filter>헤더 파일</Filter>
    </ClInclude>
    <ClInclude Include="Time.h">
      <Filter>헤더 파일</Filter>
    </ClInclude>
  </ItemGroup>
  <ItemGroup>
    <None Include="CSV\Dialogue.csv" />
  </ItemGroup>
</Project>